
Microsoft Visual Studio Solution File, Format Version 12.00
# Visual Studio 15
VisualStudioVersion = 15.0.28010.2026
MinimumVisualStudioVersion = 10.0.40219.1
Project("{FAE04EC0-301F-11D3-BF4B-00C04F79EFBC}") = "L-Document", "L-Document\L-Document.csproj", "{AD4A392A-2CB5-4D4C-A36E-D6F294211562}"
EndProject
Global
	GlobalSection(SolutionConfigurationPlatforms) = preSolution
		Debug|Any CPU = Debug|Any CPU
		Release|Any CPU = Release|Any CPU
	EndGlobalSection
	GlobalSection(ProjectConfigurationPlatforms) = postSolution
		{AD4A392A-2CB5-4D4C-A36E-D6F294211562}.Debug|Any CPU.ActiveCfg = Debug|Any CPU
		{AD4A392A-2CB5-4D4C-A36E-D6F294211562}.Debug|Any CPU.Build.0 = Debug|Any CPU
		{AD4A392A-2CB5-4D4C-A36E-D6F294211562}.Release|Any CPU.ActiveCfg = Release|Any CPU
		{AD4A392A-2CB5-4D4C-A36E-D6F294211562}.Release|Any CPU.Build.0 = Release|Any CPU
	EndGlobalSection
	GlobalSection(SolutionProperties) = preSolution
		HideSolutionNode = FALSE
	EndGlobalSection
	GlobalSection(ExtensibilityGlobals) = postSolution
		SolutionGuid = {B9C469B3-4D06-4D1D-BB6A-55B5DC07A051}
	EndGlobalSection
EndGlobal
