
Microsoft Visual Studio Solution File, Format Version 12.00
# Visual Studio 15
VisualStudioVersion = 15.0.28010.2026
MinimumVisualStudioVersion = 10.0.40219.1
Project("{FAE04EC0-301F-11D3-BF4B-00C04F79EFBC}") = "L-Document", "L-Document\L-Document.csproj", "{AD4A392A-2CB5-4D4C-A36E-D6F294211562}"
EndProject
Project("{FAE04EC0-301F-11D3-BF4B-00C04F79EFBC}") = "client", "client\client.csproj", "{15A5F2D4-348F-42EC-B68A-07FC399D473E}"
EndProject
Project("{9A19103F-16F7-4668-BE54-9A1E7A4F7556}") = "server", "server\server.csproj", "{FE4F4B52-F7CB-4106-A862-571D62E5269A}"
EndProject
Project("{FAE04EC0-301F-11D3-BF4B-00C04F79EFBC}") = "LoggerManager", "LoggerManager\LoggerManager.csproj", "{A5E72DDB-A90D-43CE-B764-320C2C747717}"
EndProject
Global
	GlobalSection(SolutionConfigurationPlatforms) = preSolution
		Debug|Any CPU = Debug|Any CPU
		Release|Any CPU = Release|Any CPU
	EndGlobalSection
	GlobalSection(ProjectConfigurationPlatforms) = postSolution
		{AD4A392A-2CB5-4D4C-A36E-D6F294211562}.Debug|Any CPU.ActiveCfg = Debug|Any CPU
		{AD4A392A-2CB5-4D4C-A36E-D6F294211562}.Debug|Any CPU.Build.0 = Debug|Any CPU
		{AD4A392A-2CB5-4D4C-A36E-D6F294211562}.Release|Any CPU.ActiveCfg = Release|Any CPU
		{AD4A392A-2CB5-4D4C-A36E-D6F294211562}.Release|Any CPU.Build.0 = Release|Any CPU
		{15A5F2D4-348F-42EC-B68A-07FC399D473E}.Debug|Any CPU.ActiveCfg = Debug|Any CPU
		{15A5F2D4-348F-42EC-B68A-07FC399D473E}.Debug|Any CPU.Build.0 = Debug|Any CPU
		{15A5F2D4-348F-42EC-B68A-07FC399D473E}.Release|Any CPU.ActiveCfg = Release|Any CPU
		{15A5F2D4-348F-42EC-B68A-07FC399D473E}.Release|Any CPU.Build.0 = Release|Any CPU
		{FE4F4B52-F7CB-4106-A862-571D62E5269A}.Debug|Any CPU.ActiveCfg = Debug|Any CPU
		{FE4F4B52-F7CB-4106-A862-571D62E5269A}.Debug|Any CPU.Build.0 = Debug|Any CPU
		{FE4F4B52-F7CB-4106-A862-571D62E5269A}.Release|Any CPU.ActiveCfg = Release|Any CPU
		{FE4F4B52-F7CB-4106-A862-571D62E5269A}.Release|Any CPU.Build.0 = Release|Any CPU
		{A5E72DDB-A90D-43CE-B764-320C2C747717}.Debug|Any CPU.ActiveCfg = Debug|Any CPU
		{A5E72DDB-A90D-43CE-B764-320C2C747717}.Debug|Any CPU.Build.0 = Debug|Any CPU
		{A5E72DDB-A90D-43CE-B764-320C2C747717}.Release|Any CPU.ActiveCfg = Release|Any CPU
		{A5E72DDB-A90D-43CE-B764-320C2C747717}.Release|Any CPU.Build.0 = Release|Any CPU
	EndGlobalSection
	GlobalSection(SolutionProperties) = preSolution
		HideSolutionNode = FALSE
	EndGlobalSection
	GlobalSection(ExtensibilityGlobals) = postSolution
		SolutionGuid = {B9C469B3-4D06-4D1D-BB6A-55B5DC07A051}
	EndGlobalSection
EndGlobal
